
Microsoft Visual Studio Solution File, Format Version 12.00
# Visual Studio Version 16
VisualStudioVersion = 16.0.31205.134
MinimumVisualStudioVersion = 10.0.40219.1
Project("{FAE04EC0-301F-11D3-BF4B-00C04F79EFBC}") = "WpfApp1", "WpfApp1\WpfApp1.csproj", "{BB6B91C2-F697-4B93-95A2-EB305FD6C9F4}"
EndProject
Global
	GlobalSection(SolutionConfigurationPlatforms) = preSolution
		Debug|Any CPU = Debug|Any CPU
		Release|Any CPU = Release|Any CPU
	EndGlobalSection
	GlobalSection(ProjectConfigurationPlatforms) = postSolution
		{BB6B91C2-F697-4B93-95A2-EB305FD6C9F4}.Debug|Any CPU.ActiveCfg = Debug|Any CPU
		{BB6B91C2-F697-4B93-95A2-EB305FD6C9F4}.Debug|Any CPU.Build.0 = Debug|Any CPU
		{BB6B91C2-F697-4B93-95A2-EB305FD6C9F4}.Release|Any CPU.ActiveCfg = Release|Any CPU
		{BB6B91C2-F697-4B93-95A2-EB305FD6C9F4}.Release|Any CPU.Build.0 = Release|Any CPU
	EndGlobalSection
	GlobalSection(SolutionProperties) = preSolution
		HideSolutionNode = FALSE
	EndGlobalSection
	GlobalSection(ExtensibilityGlobals) = postSolution
		SolutionGuid = {F1AAB498-968E-423A-BE58-D100C9950146}
	EndGlobalSection
EndGlobal
